// !$*UTF8*$!
{
	archiveVersion = 1;
	classes = {
	};
	objectVersion = 77;
	objects = {

/* Begin PBXBuildFile section */
		05DFE81D55EE416345ED863A /* RetentionPolicy.swift in Sources */ = {isa = PBXBuildFile; fileRef = B48514CF141C16CD415FF51B /* RetentionPolicy.swift */; };
		0E94820A86699877C1E9EA90 /* CardPreviews.swift in Sources */ = {isa = PBXBuildFile; fileRef = 11BE161524C857D3A9AE5380 /* CardPreviews.swift */; };
		229FF6D48DCD0161CB7BB174 /* Defaults.swift in Sources */ = {isa = PBXBuildFile; fileRef = 41FFB16ACA2FE543025933A3 /* Defaults.swift */; };
		22DF7F70C3D8760C7A50139D /* ShelfRootView.swift in Sources */ = {isa = PBXBuildFile; fileRef = AEF8ADB86B51AF8A34FA448E /* ShelfRootView.swift */; };
		2EA0B4BE6678C80906FB6EC9 /* AppDelegate.swift in Sources */ = {isa = PBXBuildFile; fileRef = 5B65D76153DF7713759D5339 /* AppDelegate.swift */; };
		3646ECEA24DC87A94B29DC9D /* CmdVApp.swift in Sources */ = {isa = PBXBuildFile; fileRef = F162EEB11CC9F3E297B3CD5A /* CmdVApp.swift */; };
		383C6259C533FD53E53C6218 /* Models.swift in Sources */ = {isa = PBXBuildFile; fileRef = E919F177CA1AB1FDE9BDC827 /* Models.swift */; };
		38BB54C7AFC05F0BAC5945E4 /* ClipStore.swift in Sources */ = {isa = PBXBuildFile; fileRef = 76BF74CF1D6128720E12EE3E /* ClipStore.swift */; };
		3A93D70FD81A7B8829682C82 /* PasteStackQueue.swift in Sources */ = {isa = PBXBuildFile; fileRef = 6BF28FF2B3A56B304C27AAE7 /* PasteStackQueue.swift */; };
		45760C302E2E566D3C54E377 /* SettingsView.swift in Sources */ = {isa = PBXBuildFile; fileRef = C7ACC4285E69CE393EC4F197 /* SettingsView.swift */; };
		531D990E4E94D2505F256F3C /* OCRService.swift in Sources */ = {isa = PBXBuildFile; fileRef = 1DCA9EB6F6770F9418F4A978 /* OCRService.swift */; };
		59E65B1D4FAE59C8FCACC6DB /* AccessibilityPermission.swift in Sources */ = {isa = PBXBuildFile; fileRef = D15A51C915183E68958EC6DF /* AccessibilityPermission.swift */; };
		5DE6D8DDA7F90D555A193605 /* PrivacyGateTests.swift in Sources */ = {isa = PBXBuildFile; fileRef = C4469E534A81E38181274446 /* PrivacyGateTests.swift */; };
		634C661FB52FC108BC2D2C11 /* RetentionPolicyTests.swift in Sources */ = {isa = PBXBuildFile; fileRef = F7D21940083F6AEBE97DE76A /* RetentionPolicyTests.swift */; };
		67E3B9BA8AE2B8196B83AE35 /* ClipCardView.swift in Sources */ = {isa = PBXBuildFile; fileRef = B21AB27FAD505B1050B46286 /* ClipCardView.swift */; };
		6D490F2C94A16531FB65521C /* ShelfPanelController.swift in Sources */ = {isa = PBXBuildFile; fileRef = 19E93D95BD25E869352712CF /* ShelfPanelController.swift */; };
		6F26757E0F869E16ABF4FB01 /* KeyboardShortcuts in Frameworks */ = {isa = PBXBuildFile; productRef = 094182B040AC90B7E9F4C3B9 /* KeyboardShortcuts */; };
		7AD87126DC1F6D10DA6C6D20 /* ShelfViewModel.swift in Sources */ = {isa = PBXBuildFile; fileRef = 107B5AB3EF7A5FC0CF3F4CB9 /* ShelfViewModel.swift */; };
		804081138EC1411126EEB535 /* PrivacySettings.swift in Sources */ = {isa = PBXBuildFile; fileRef = 48A1AA5B6E11481CCF5726B1 /* PrivacySettings.swift */; };
		832EFE87F400B2EF7552113B /* ScriptingHooks.swift in Sources */ = {isa = PBXBuildFile; fileRef = 11A2A22F70C1556FC5D804B8 /* ScriptingHooks.swift */; };
		8A23B4162E90F69F76B7A3C6 /* ItemClassifier.swift in Sources */ = {isa = PBXBuildFile; fileRef = C683AE2D1945EAF9AC99DB07 /* ItemClassifier.swift */; };
		8A4A0E12F3BC388E8F116DEB /* ColorParsing.swift in Sources */ = {isa = PBXBuildFile; fileRef = 4A79DE21833ACA35028D8A7B /* ColorParsing.swift */; };
		8BD35DA05E9FACDB688F3CFF /* ShortcutsSettings.swift in Sources */ = {isa = PBXBuildFile; fileRef = AD4A3679BE772D1BD52E07FF /* ShortcutsSettings.swift */; };
		8C1A75664298611AAD8632A3 /* PrivacyGate.swift in Sources */ = {isa = PBXBuildFile; fileRef = 13D30DF39AFDAC2201C82FEE /* PrivacyGate.swift */; };
		90B201E93947C61A0612EAAE /* GeneralSettings.swift in Sources */ = {isa = PBXBuildFile; fileRef = DAB480A3FC945989514B8EE5 /* GeneralSettings.swift */; };
		93ED7C38EFE88C549B06327B /* ShelfPanel.swift in Sources */ = {isa = PBXBuildFile; fileRef = F03E338486E2B6CB27D03834 /* ShelfPanel.swift */; };
		9656D543DB57ACF8FEA8FEAB /* SourceAppResolver.swift in Sources */ = {isa = PBXBuildFile; fileRef = 688EDDF03E511FC531226CBC /* SourceAppResolver.swift */; };
		99826085A3B84C1F1B913491 /* SmokeTests.swift in Sources */ = {isa = PBXBuildFile; fileRef = C581D28E1578949CA583C7CF /* SmokeTests.swift */; };
		9BCBD772802A7ECB97C4188A /* ImageFileStore.swift in Sources */ = {isa = PBXBuildFile; fileRef = 7008B3FECD3E3E11D823F9ED /* ImageFileStore.swift */; };
		A8BC6673E180EBCC784CD0CF /* Assets.xcassets in Resources */ = {isa = PBXBuildFile; fileRef = 256725B8C477F348A946E49A /* Assets.xcassets */; };
		B18A2EE7C42B10B7EF25E10B /* QuickLookPreview.swift in Sources */ = {isa = PBXBuildFile; fileRef = EC656889BBE3CBCA2C9FC76B /* QuickLookPreview.swift */; };
		B504F51B89E675C7598FF131 /* ItemClassifierTests.swift in Sources */ = {isa = PBXBuildFile; fileRef = 70025B8047FC4751AB338CC6 /* ItemClassifierTests.swift */; };
		B505139C69F7A71EA265918D /* PasteStackOverlayView.swift in Sources */ = {isa = PBXBuildFile; fileRef = 883CA4A8ECDC92ACC4EEB851 /* PasteStackOverlayView.swift */; };
		B8FAB772600239AAC1FBFB6F /* KeySimulator.swift in Sources */ = {isa = PBXBuildFile; fileRef = 05A20B8ADD3DC688A725FF78 /* KeySimulator.swift */; };
		C39478AEB7B95C5ED6180779 /* HotkeyDefinitions.swift in Sources */ = {isa = PBXBuildFile; fileRef = 76462A4903032CE6FCA19DB5 /* HotkeyDefinitions.swift */; };
		C96111F2DFA611AF76B83AEA /* ClipboardCapture.swift in Sources */ = {isa = PBXBuildFile; fileRef = 2C51530CA0DFCA74AB8327D9 /* ClipboardCapture.swift */; };
		CFCDF3A1D9ADD7D194A4EDB9 /* PasteEngine.swift in Sources */ = {isa = PBXBuildFile; fileRef = 06B1DA48B8585A2866125DE9 /* PasteEngine.swift */; };
		D08F13CA8B51FAB050EED476 /* PasteStackTests.swift in Sources */ = {isa = PBXBuildFile; fileRef = F083EB205CFFEA74E6057940 /* PasteStackTests.swift */; };
		E314B7B77555B8845B3D9DC1 /* ClipboardMonitor.swift in Sources */ = {isa = PBXBuildFile; fileRef = 7E3D0DAB8DCDE7FE2C3DC27B /* ClipboardMonitor.swift */; };
		F3C2073F87564A3EDDDC55A4 /* AppState.swift in Sources */ = {isa = PBXBuildFile; fileRef = 6224852EB0738BBC291BFF64 /* AppState.swift */; };
		F771E8BA733A08E5D4E6DAAB /* PasteStackController.swift in Sources */ = {isa = PBXBuildFile; fileRef = 94A5CEE4487A9A2DBCE9480D /* PasteStackController.swift */; };
		F7B832A351EB40E40FF156C4 /* MenuBarView.swift in Sources */ = {isa = PBXBuildFile; fileRef = DDB0C34DC7614B26DA3F8EBA /* MenuBarView.swift */; };
		F9348646808A09B1F1244F0D /* LinkMetadata.swift in Sources */ = {isa = PBXBuildFile; fileRef = 2418BC6040A05C87AEB90B15 /* LinkMetadata.swift */; };
/* End PBXBuildFile section */

/* Begin PBXContainerItemProxy section */
		D7207A694496FF8E9E84F78C /* PBXContainerItemProxy */ = {
			isa = PBXContainerItemProxy;
			containerPortal = 7F946E50DE0705BE105991BA /* Project object */;
			proxyType = 1;
			remoteGlobalIDString = ADBF78BBF02CE97815E11ED1;
			remoteInfo = CmdV;
		};
/* End PBXContainerItemProxy section */

/* Begin PBXFileReference section */
		05A20B8ADD3DC688A725FF78 /* KeySimulator.swift */ = {isa = PBXFileReference; lastKnownFileType = sourcecode.swift; path = KeySimulator.swift; sourceTree = "<group>"; };
		06B1DA48B8585A2866125DE9 /* PasteEngine.swift */ = {isa = PBXFileReference; lastKnownFileType = sourcecode.swift; path = PasteEngine.swift; sourceTree = "<group>"; };
		107B5AB3EF7A5FC0CF3F4CB9 /* ShelfViewModel.swift */ = {isa = PBXFileReference; lastKnownFileType = sourcecode.swift; path = ShelfViewModel.swift; sourceTree = "<group>"; };
		11A2A22F70C1556FC5D804B8 /* ScriptingHooks.swift */ = {isa = PBXFileReference; lastKnownFileType = sourcecode.swift; path = ScriptingHooks.swift; sourceTree = "<group>"; };
		11BE161524C857D3A9AE5380 /* CardPreviews.swift */ = {isa = PBXFileReference; lastKnownFileType = sourcecode.swift; path = CardPreviews.swift; sourceTree = "<group>"; };
		13D30DF39AFDAC2201C82FEE /* PrivacyGate.swift */ = {isa = PBXFileReference; lastKnownFileType = sourcecode.swift; path = PrivacyGate.swift; sourceTree = "<group>"; };
		19E93D95BD25E869352712CF /* ShelfPanelController.swift */ = {isa = PBXFileReference; lastKnownFileType = sourcecode.swift; path = ShelfPanelController.swift; sourceTree = "<group>"; };
		1DCA9EB6F6770F9418F4A978 /* OCRService.swift */ = {isa = PBXFileReference; lastKnownFileType = sourcecode.swift; path = OCRService.swift; sourceTree = "<group>"; };
		2418BC6040A05C87AEB90B15 /* LinkMetadata.swift */ = {isa = PBXFileReference; lastKnownFileType = sourcecode.swift; path = LinkMetadata.swift; sourceTree = "<group>"; };
		256725B8C477F348A946E49A /* Assets.xcassets */ = {isa = PBXFileReference; lastKnownFileType = folder.assetcatalog; path = Assets.xcassets; sourceTree = "<group>"; };
		2C51530CA0DFCA74AB8327D9 /* ClipboardCapture.swift */ = {isa = PBXFileReference; lastKnownFileType = sourcecode.swift; path = ClipboardCapture.swift; sourceTree = "<group>"; };
		41FFB16ACA2FE543025933A3 /* Defaults.swift */ = {isa = PBXFileReference; lastKnownFileType = sourcecode.swift; path = Defaults.swift; sourceTree = "<group>"; };
		462F4376EE8F71F28E1FFEAF /* CmdVTests.xctest */ = {isa = PBXFileReference; explicitFileType = wrapper.cfbundle; includeInIndex = 0; path = CmdVTests.xctest; sourceTree = BUILT_PRODUCTS_DIR; };
		48A1AA5B6E11481CCF5726B1 /* PrivacySettings.swift */ = {isa = PBXFileReference; lastKnownFileType = sourcecode.swift; path = PrivacySettings.swift; sourceTree = "<group>"; };
		4A79DE21833ACA35028D8A7B /* ColorParsing.swift */ = {isa = PBXFileReference; lastKnownFileType = sourcecode.swift; path = ColorParsing.swift; sourceTree = "<group>"; };
		5B65D76153DF7713759D5339 /* AppDelegate.swift */ = {isa = PBXFileReference; lastKnownFileType = sourcecode.swift; path = AppDelegate.swift; sourceTree = "<group>"; };
		6224852EB0738BBC291BFF64 /* AppState.swift */ = {isa = PBXFileReference; lastKnownFileType = sourcecode.swift; path = AppState.swift; sourceTree = "<group>"; };
		688EDDF03E511FC531226CBC /* SourceAppResolver.swift */ = {isa = PBXFileReference; lastKnownFileType = sourcecode.swift; path = SourceAppResolver.swift; sourceTree = "<group>"; };
		6BF28FF2B3A56B304C27AAE7 /* PasteStackQueue.swift */ = {isa = PBXFileReference; lastKnownFileType = sourcecode.swift; path = PasteStackQueue.swift; sourceTree = "<group>"; };
		70025B8047FC4751AB338CC6 /* ItemClassifierTests.swift */ = {isa = PBXFileReference; lastKnownFileType = sourcecode.swift; path = ItemClassifierTests.swift; sourceTree = "<group>"; };
		7008B3FECD3E3E11D823F9ED /* ImageFileStore.swift */ = {isa = PBXFileReference; lastKnownFileType = sourcecode.swift; path = ImageFileStore.swift; sourceTree = "<group>"; };
		76462A4903032CE6FCA19DB5 /* HotkeyDefinitions.swift */ = {isa = PBXFileReference; lastKnownFileType = sourcecode.swift; path = HotkeyDefinitions.swift; sourceTree = "<group>"; };
		76BF74CF1D6128720E12EE3E /* ClipStore.swift */ = {isa = PBXFileReference; lastKnownFileType = sourcecode.swift; path = ClipStore.swift; sourceTree = "<group>"; };
		7C3061FEE10D326329FAF68E /* CmdV.entitlements */ = {isa = PBXFileReference; lastKnownFileType = text.plist.entitlements; path = CmdV.entitlements; sourceTree = "<group>"; };
		7E3D0DAB8DCDE7FE2C3DC27B /* ClipboardMonitor.swift */ = {isa = PBXFileReference; lastKnownFileType = sourcecode.swift; path = ClipboardMonitor.swift; sourceTree = "<group>"; };
		883CA4A8ECDC92ACC4EEB851 /* PasteStackOverlayView.swift */ = {isa = PBXFileReference; lastKnownFileType = sourcecode.swift; path = PasteStackOverlayView.swift; sourceTree = "<group>"; };
		94A5CEE4487A9A2DBCE9480D /* PasteStackController.swift */ = {isa = PBXFileReference; lastKnownFileType = sourcecode.swift; path = PasteStackController.swift; sourceTree = "<group>"; };
		9E548DBBB8E4582EE4589E01 /* Info.plist */ = {isa = PBXFileReference; lastKnownFileType = text.plist; path = Info.plist; sourceTree = "<group>"; };
		AD4A3679BE772D1BD52E07FF /* ShortcutsSettings.swift */ = {isa = PBXFileReference; lastKnownFileType = sourcecode.swift; path = ShortcutsSettings.swift; sourceTree = "<group>"; };
		AEF8ADB86B51AF8A34FA448E /* ShelfRootView.swift */ = {isa = PBXFileReference; lastKnownFileType = sourcecode.swift; path = ShelfRootView.swift; sourceTree = "<group>"; };
		B21AB27FAD505B1050B46286 /* ClipCardView.swift */ = {isa = PBXFileReference; lastKnownFileType = sourcecode.swift; path = ClipCardView.swift; sourceTree = "<group>"; };
		B48514CF141C16CD415FF51B /* RetentionPolicy.swift */ = {isa = PBXFileReference; lastKnownFileType = sourcecode.swift; path = RetentionPolicy.swift; sourceTree = "<group>"; };
		C4469E534A81E38181274446 /* PrivacyGateTests.swift */ = {isa = PBXFileReference; lastKnownFileType = sourcecode.swift; path = PrivacyGateTests.swift; sourceTree = "<group>"; };
		C581D28E1578949CA583C7CF /* SmokeTests.swift */ = {isa = PBXFileReference; lastKnownFileType = sourcecode.swift; path = SmokeTests.swift; sourceTree = "<group>"; };
		C683AE2D1945EAF9AC99DB07 /* ItemClassifier.swift */ = {isa = PBXFileReference; lastKnownFileType = sourcecode.swift; path = ItemClassifier.swift; sourceTree = "<group>"; };
		C7ACC4285E69CE393EC4F197 /* SettingsView.swift */ = {isa = PBXFileReference; lastKnownFileType = sourcecode.swift; path = SettingsView.swift; sourceTree = "<group>"; };
		CF26BB83B4EBEC02EDB0F52E /* CmdV.app */ = {isa = PBXFileReference; explicitFileType = wrapper.application; includeInIndex = 0; path = CmdV.app; sourceTree = BUILT_PRODUCTS_DIR; };
		D15A51C915183E68958EC6DF /* AccessibilityPermission.swift */ = {isa = PBXFileReference; lastKnownFileType = sourcecode.swift; path = AccessibilityPermission.swift; sourceTree = "<group>"; };
		DAB480A3FC945989514B8EE5 /* GeneralSettings.swift */ = {isa = PBXFileReference; lastKnownFileType = sourcecode.swift; path = GeneralSettings.swift; sourceTree = "<group>"; };
		DDB0C34DC7614B26DA3F8EBA /* MenuBarView.swift */ = {isa = PBXFileReference; lastKnownFileType = sourcecode.swift; path = MenuBarView.swift; sourceTree = "<group>"; };
		E919F177CA1AB1FDE9BDC827 /* Models.swift */ = {isa = PBXFileReference; lastKnownFileType = sourcecode.swift; path = Models.swift; sourceTree = "<group>"; };
		EC656889BBE3CBCA2C9FC76B /* QuickLookPreview.swift */ = {isa = PBXFileReference; lastKnownFileType = sourcecode.swift; path = QuickLookPreview.swift; sourceTree = "<group>"; };
		F03E338486E2B6CB27D03834 /* ShelfPanel.swift */ = {isa = PBXFileReference; lastKnownFileType = sourcecode.swift; path = ShelfPanel.swift; sourceTree = "<group>"; };
		F083EB205CFFEA74E6057940 /* PasteStackTests.swift */ = {isa = PBXFileReference; lastKnownFileType = sourcecode.swift; path = PasteStackTests.swift; sourceTree = "<group>"; };
		F162EEB11CC9F3E297B3CD5A /* CmdVApp.swift */ = {isa = PBXFileReference; lastKnownFileType = sourcecode.swift; path = CmdVApp.swift; sourceTree = "<group>"; };
		F7D21940083F6AEBE97DE76A /* RetentionPolicyTests.swift */ = {isa = PBXFileReference; lastKnownFileType = sourcecode.swift; path = RetentionPolicyTests.swift; sourceTree = "<group>"; };
/* End PBXFileReference section */

/* Begin PBXFrameworksBuildPhase section */
		23B06DA26672C19D1F24DEC9 /* Frameworks */ = {
			isa = PBXFrameworksBuildPhase;
			buildActionMask = 2147483647;
			files = (
				6F26757E0F869E16ABF4FB01 /* KeyboardShortcuts in Frameworks */,
			);
			runOnlyForDeploymentPostprocessing = 0;
		};
/* End PBXFrameworksBuildPhase section */

/* Begin PBXGroup section */
		0ECE4F97EACABFCD0EA343E8 /* ClipboardMonitor */ = {
			isa = PBXGroup;
			children = (
				2C51530CA0DFCA74AB8327D9 /* ClipboardCapture.swift */,
				7E3D0DAB8DCDE7FE2C3DC27B /* ClipboardMonitor.swift */,
				C683AE2D1945EAF9AC99DB07 /* ItemClassifier.swift */,
				13D30DF39AFDAC2201C82FEE /* PrivacyGate.swift */,
				688EDDF03E511FC531226CBC /* SourceAppResolver.swift */,
			);
			path = ClipboardMonitor;
			sourceTree = "<group>";
		};
		0F48B3EC2925B2A1FC7E5E0C /* PasteEngine */ = {
			isa = PBXGroup;
			children = (
				D15A51C915183E68958EC6DF /* AccessibilityPermission.swift */,
				05A20B8ADD3DC688A725FF78 /* KeySimulator.swift */,
				06B1DA48B8585A2866125DE9 /* PasteEngine.swift */,
			);
			path = PasteEngine;
			sourceTree = "<group>";
		};
		1EEB3B6C0DB99E4F5E73C8BE = {
			isa = PBXGroup;
			children = (
				EB5C665710FC2278516EE299 /* CmdV */,
				97C9059ECA2CCE8938002619 /* CmdVTests */,
				C0D24693F2199871F29AC517 /* Products */,
			);
			sourceTree = "<group>";
		};
		4401424117C780F31994B584 /* Storage */ = {
			isa = PBXGroup;
			children = (
				76BF74CF1D6128720E12EE3E /* ClipStore.swift */,
				7008B3FECD3E3E11D823F9ED /* ImageFileStore.swift */,
				E919F177CA1AB1FDE9BDC827 /* Models.swift */,
				B48514CF141C16CD415FF51B /* RetentionPolicy.swift */,
			);
			path = Storage;
			sourceTree = "<group>";
		};
		6BF3D96BAFE429D685F70D04 /* Hotkeys */ = {
			isa = PBXGroup;
			children = (
				76462A4903032CE6FCA19DB5 /* HotkeyDefinitions.swift */,
			);
			path = Hotkeys;
			sourceTree = "<group>";
		};
		82224711D4E12C47837FA352 /* PasteStack */ = {
			isa = PBXGroup;
			children = (
				94A5CEE4487A9A2DBCE9480D /* PasteStackController.swift */,
				6BF28FF2B3A56B304C27AAE7 /* PasteStackQueue.swift */,
			);
			path = PasteStack;
			sourceTree = "<group>";
		};
		97B15EE84227BE9E87295D79 /* Shelf */ = {
			isa = PBXGroup;
			children = (
				11BE161524C857D3A9AE5380 /* CardPreviews.swift */,
				B21AB27FAD505B1050B46286 /* ClipCardView.swift */,
				EC656889BBE3CBCA2C9FC76B /* QuickLookPreview.swift */,
				F03E338486E2B6CB27D03834 /* ShelfPanel.swift */,
				19E93D95BD25E869352712CF /* ShelfPanelController.swift */,
				AEF8ADB86B51AF8A34FA448E /* ShelfRootView.swift */,
				107B5AB3EF7A5FC0CF3F4CB9 /* ShelfViewModel.swift */,
			);
			path = Shelf;
			sourceTree = "<group>";
		};
		97C9059ECA2CCE8938002619 /* CmdVTests */ = {
			isa = PBXGroup;
			children = (
				70025B8047FC4751AB338CC6 /* ItemClassifierTests.swift */,
				F083EB205CFFEA74E6057940 /* PasteStackTests.swift */,
				C4469E534A81E38181274446 /* PrivacyGateTests.swift */,
				F7D21940083F6AEBE97DE76A /* RetentionPolicyTests.swift */,
				C581D28E1578949CA583C7CF /* SmokeTests.swift */,
			);
			path = CmdVTests;
			sourceTree = "<group>";
		};
		9A317843D885E6BCCD527437 /* Support */ = {
			isa = PBXGroup;
			children = (
				4A79DE21833ACA35028D8A7B /* ColorParsing.swift */,
				41FFB16ACA2FE543025933A3 /* Defaults.swift */,
				2418BC6040A05C87AEB90B15 /* LinkMetadata.swift */,
				1DCA9EB6F6770F9418F4A978 /* OCRService.swift */,
				11A2A22F70C1556FC5D804B8 /* ScriptingHooks.swift */,
			);
			path = Support;
			sourceTree = "<group>";
		};
		A3D17FE8877E9E16631C5379 /* App */ = {
			isa = PBXGroup;
			children = (
				5B65D76153DF7713759D5339 /* AppDelegate.swift */,
				6224852EB0738BBC291BFF64 /* AppState.swift */,
				F162EEB11CC9F3E297B3CD5A /* CmdVApp.swift */,
			);
			path = App;
			sourceTree = "<group>";
		};
		B2E4B180E7FB2C450E18B6C4 /* UI */ = {
			isa = PBXGroup;
			children = (
				D2AFF6EB5372C6D831A1D7A5 /* MenuBar */,
				E3ADE89E4CBC0F3EC35A8077 /* Settings */,
				97B15EE84227BE9E87295D79 /* Shelf */,
				C09CE51EE7A89B352F59DEE6 /* StackOverlay */,
			);
			path = UI;
			sourceTree = "<group>";
		};
		C09CE51EE7A89B352F59DEE6 /* StackOverlay */ = {
			isa = PBXGroup;
			children = (
				883CA4A8ECDC92ACC4EEB851 /* PasteStackOverlayView.swift */,
			);
			path = StackOverlay;
			sourceTree = "<group>";
		};
		C0D24693F2199871F29AC517 /* Products */ = {
			isa = PBXGroup;
			children = (
				CF26BB83B4EBEC02EDB0F52E /* CmdV.app */,
				462F4376EE8F71F28E1FFEAF /* CmdVTests.xctest */,
			);
			name = Products;
			sourceTree = "<group>";
		};
		D2AFF6EB5372C6D831A1D7A5 /* MenuBar */ = {
			isa = PBXGroup;
			children = (
				DDB0C34DC7614B26DA3F8EBA /* MenuBarView.swift */,
			);
			path = MenuBar;
			sourceTree = "<group>";
		};
		E3ADE89E4CBC0F3EC35A8077 /* Settings */ = {
			isa = PBXGroup;
			children = (
				DAB480A3FC945989514B8EE5 /* GeneralSettings.swift */,
				48A1AA5B6E11481CCF5726B1 /* PrivacySettings.swift */,
				C7ACC4285E69CE393EC4F197 /* SettingsView.swift */,
				AD4A3679BE772D1BD52E07FF /* ShortcutsSettings.swift */,
			);
			path = Settings;
			sourceTree = "<group>";
		};
		EB5C665710FC2278516EE299 /* CmdV */ = {
			isa = PBXGroup;
			children = (
				256725B8C477F348A946E49A /* Assets.xcassets */,
				7C3061FEE10D326329FAF68E /* CmdV.entitlements */,
				9E548DBBB8E4582EE4589E01 /* Info.plist */,
				A3D17FE8877E9E16631C5379 /* App */,
				0ECE4F97EACABFCD0EA343E8 /* ClipboardMonitor */,
				6BF3D96BAFE429D685F70D04 /* Hotkeys */,
				0F48B3EC2925B2A1FC7E5E0C /* PasteEngine */,
				82224711D4E12C47837FA352 /* PasteStack */,
				4401424117C780F31994B584 /* Storage */,
				9A317843D885E6BCCD527437 /* Support */,
				B2E4B180E7FB2C450E18B6C4 /* UI */,
			);
			path = CmdV;
			sourceTree = "<group>";
		};
/* End PBXGroup section */

/* Begin PBXNativeTarget section */
		ADBF78BBF02CE97815E11ED1 /* CmdV */ = {
			isa = PBXNativeTarget;
			buildConfigurationList = 21CA6E5D8AEDBD5171A64C63 /* Build configuration list for PBXNativeTarget "CmdV" */;
			buildPhases = (
				CF05744FB00B2DE61A296E7F /* Sources */,
				F6F050713EA670A9649FC72E /* Resources */,
				23B06DA26672C19D1F24DEC9 /* Frameworks */,
			);
			buildRules = (
			);
			dependencies = (
			);
			name = CmdV;
			packageProductDependencies = (
				094182B040AC90B7E9F4C3B9 /* KeyboardShortcuts */,
			);
			productName = CmdV;
			productReference = CF26BB83B4EBEC02EDB0F52E /* CmdV.app */;
			productType = "com.apple.product-type.application";
		};
		FD3BD632B0E6D1B1878485C5 /* CmdVTests */ = {
			isa = PBXNativeTarget;
			buildConfigurationList = 19BF642056BC9030D03B115F /* Build configuration list for PBXNativeTarget "CmdVTests" */;
			buildPhases = (
				DFF7D8F0D45BB7CD23BC1552 /* Sources */,
			);
			buildRules = (
			);
			dependencies = (
				5B4AD4396BBCC2AB30DFA96D /* PBXTargetDependency */,
			);
			name = CmdVTests;
			packageProductDependencies = (
			);
			productName = CmdVTests;
			productReference = 462F4376EE8F71F28E1FFEAF /* CmdVTests.xctest */;
			productType = "com.apple.product-type.bundle.unit-test";
		};
/* End PBXNativeTarget section */

/* Begin PBXProject section */
		7F946E50DE0705BE105991BA /* Project object */ = {
			isa = PBXProject;
			attributes = {
				BuildIndependentTargetsInParallel = YES;
				LastUpgradeCheck = 1430;
				TargetAttributes = {
					ADBF78BBF02CE97815E11ED1 = {
						DevelopmentTeam = "";
						ProvisioningStyle = Manual;
					};
					FD3BD632B0E6D1B1878485C5 = {
						DevelopmentTeam = "";
						ProvisioningStyle = Manual;
					};
				};
			};
			buildConfigurationList = C5EB8B271CA2CF47D78513CE /* Build configuration list for PBXProject "CmdV" */;
			developmentRegion = en;
			hasScannedForEncodings = 0;
			knownRegions = (
				Base,
				en,
			);
			mainGroup = 1EEB3B6C0DB99E4F5E73C8BE;
			minimizedProjectReferenceProxies = 1;
			packageReferences = (
				3215AD5E01608FB3624CD70C /* XCRemoteSwiftPackageReference "KeyboardShortcuts" */,
			);
			preferredProjectObjectVersion = 77;
			productRefGroup = C0D24693F2199871F29AC517 /* Products */;
			projectDirPath = "";
			projectRoot = "";
			targets = (
				ADBF78BBF02CE97815E11ED1 /* CmdV */,
				FD3BD632B0E6D1B1878485C5 /* CmdVTests */,
			);
		};
/* End PBXProject section */

/* Begin PBXResourcesBuildPhase section */
		F6F050713EA670A9649FC72E /* Resources */ = {
			isa = PBXResourcesBuildPhase;
			buildActionMask = 2147483647;
			files = (
				A8BC6673E180EBCC784CD0CF /* Assets.xcassets in Resources */,
			);
			runOnlyForDeploymentPostprocessing = 0;
		};
/* End PBXResourcesBuildPhase section */

/* Begin PBXSourcesBuildPhase section */
		CF05744FB00B2DE61A296E7F /* Sources */ = {
			isa = PBXSourcesBuildPhase;
			buildActionMask = 2147483647;
			files = (
				59E65B1D4FAE59C8FCACC6DB /* AccessibilityPermission.swift in Sources */,
				2EA0B4BE6678C80906FB6EC9 /* AppDelegate.swift in Sources */,
				F3C2073F87564A3EDDDC55A4 /* AppState.swift in Sources */,
				0E94820A86699877C1E9EA90 /* CardPreviews.swift in Sources */,
				67E3B9BA8AE2B8196B83AE35 /* ClipCardView.swift in Sources */,
				38BB54C7AFC05F0BAC5945E4 /* ClipStore.swift in Sources */,
				C96111F2DFA611AF76B83AEA /* ClipboardCapture.swift in Sources */,
				E314B7B77555B8845B3D9DC1 /* ClipboardMonitor.swift in Sources */,
				3646ECEA24DC87A94B29DC9D /* CmdVApp.swift in Sources */,
				8A4A0E12F3BC388E8F116DEB /* ColorParsing.swift in Sources */,
				229FF6D48DCD0161CB7BB174 /* Defaults.swift in Sources */,
				90B201E93947C61A0612EAAE /* GeneralSettings.swift in Sources */,
				C39478AEB7B95C5ED6180779 /* HotkeyDefinitions.swift in Sources */,
				9BCBD772802A7ECB97C4188A /* ImageFileStore.swift in Sources */,
				8A23B4162E90F69F76B7A3C6 /* ItemClassifier.swift in Sources */,
				B8FAB772600239AAC1FBFB6F /* KeySimulator.swift in Sources */,
				F9348646808A09B1F1244F0D /* LinkMetadata.swift in Sources */,
				F7B832A351EB40E40FF156C4 /* MenuBarView.swift in Sources */,
				383C6259C533FD53E53C6218 /* Models.swift in Sources */,
				531D990E4E94D2505F256F3C /* OCRService.swift in Sources */,
				CFCDF3A1D9ADD7D194A4EDB9 /* PasteEngine.swift in Sources */,
				F771E8BA733A08E5D4E6DAAB /* PasteStackController.swift in Sources */,
				B505139C69F7A71EA265918D /* PasteStackOverlayView.swift in Sources */,
				3A93D70FD81A7B8829682C82 /* PasteStackQueue.swift in Sources */,
				8C1A75664298611AAD8632A3 /* PrivacyGate.swift in Sources */,
				804081138EC1411126EEB535 /* PrivacySettings.swift in Sources */,
				B18A2EE7C42B10B7EF25E10B /* QuickLookPreview.swift in Sources */,
				05DFE81D55EE416345ED863A /* RetentionPolicy.swift in Sources */,
				832EFE87F400B2EF7552113B /* ScriptingHooks.swift in Sources */,
				45760C302E2E566D3C54E377 /* SettingsView.swift in Sources */,
				93ED7C38EFE88C549B06327B /* ShelfPanel.swift in Sources */,
				6D490F2C94A16531FB65521C /* ShelfPanelController.swift in Sources */,
				22DF7F70C3D8760C7A50139D /* ShelfRootView.swift in Sources */,
				7AD87126DC1F6D10DA6C6D20 /* ShelfViewModel.swift in Sources */,
				8BD35DA05E9FACDB688F3CFF /* ShortcutsSettings.swift in Sources */,
				9656D543DB57ACF8FEA8FEAB /* SourceAppResolver.swift in Sources */,
			);
			runOnlyForDeploymentPostprocessing = 0;
		};
		DFF7D8F0D45BB7CD23BC1552 /* Sources */ = {
			isa = PBXSourcesBuildPhase;
			buildActionMask = 2147483647;
			files = (
				B504F51B89E675C7598FF131 /* ItemClassifierTests.swift in Sources */,
				D08F13CA8B51FAB050EED476 /* PasteStackTests.swift in Sources */,
				5DE6D8DDA7F90D555A193605 /* PrivacyGateTests.swift in Sources */,
				634C661FB52FC108BC2D2C11 /* RetentionPolicyTests.swift in Sources */,
				99826085A3B84C1F1B913491 /* SmokeTests.swift in Sources */,
			);
			runOnlyForDeploymentPostprocessing = 0;
		};
/* End PBXSourcesBuildPhase section */

/* Begin PBXTargetDependency section */
		5B4AD4396BBCC2AB30DFA96D /* PBXTargetDependency */ = {
			isa = PBXTargetDependency;
			target = ADBF78BBF02CE97815E11ED1 /* CmdV */;
			targetProxy = D7207A694496FF8E9E84F78C /* PBXContainerItemProxy */;
		};
/* End PBXTargetDependency section */

/* Begin XCBuildConfiguration section */
		14F22D0DBC1058E1D5C2B83C /* Debug */ = {
			isa = XCBuildConfiguration;
			buildSettings = {
				ASSETCATALOG_COMPILER_APPICON_NAME = AppIcon;
				CODE_SIGN_ENTITLEMENTS = CmdV/CmdV.entitlements;
				COMBINE_HIDPI_IMAGES = YES;
				INFOPLIST_FILE = CmdV/Info.plist;
				LD_RUNPATH_SEARCH_PATHS = (
					"$(inherited)",
					"@executable_path/../Frameworks",
				);
				PRODUCT_BUNDLE_IDENTIFIER = com.tonmoybishwas.CmdV;
				SDKROOT = macosx;
			};
			name = Debug;
		};
		1801F8E25885235E67DB5216 /* Release */ = {
			isa = XCBuildConfiguration;
			buildSettings = {
				BUNDLE_LOADER = "$(TEST_HOST)";
				COMBINE_HIDPI_IMAGES = YES;
				GENERATE_INFOPLIST_FILE = YES;
				LD_RUNPATH_SEARCH_PATHS = (
					"$(inherited)",
					"@executable_path/../Frameworks",
					"@loader_path/../Frameworks",
				);
				PRODUCT_BUNDLE_IDENTIFIER = com.tonmoybishwas.CmdVTests;
				SDKROOT = macosx;
				TEST_HOST = "$(BUILT_PRODUCTS_DIR)/CmdV.app/Contents/MacOS/CmdV";
			};
			name = Release;
		};
		6E6D6A4F9271B356CA18B140 /* Debug */ = {
			isa = XCBuildConfiguration;
			buildSettings = {
				BUNDLE_LOADER = "$(TEST_HOST)";
				COMBINE_HIDPI_IMAGES = YES;
				GENERATE_INFOPLIST_FILE = YES;
				LD_RUNPATH_SEARCH_PATHS = (
					"$(inherited)",
					"@executable_path/../Frameworks",
					"@loader_path/../Frameworks",
				);
				PRODUCT_BUNDLE_IDENTIFIER = com.tonmoybishwas.CmdVTests;
				SDKROOT = macosx;
				TEST_HOST = "$(BUILT_PRODUCTS_DIR)/CmdV.app/Contents/MacOS/CmdV";
			};
			name = Debug;
		};
		7AFD071EEB8C34F5F5A195EB /* Debug */ = {
			isa = XCBuildConfiguration;
			buildSettings = {
				ALWAYS_SEARCH_USER_PATHS = NO;
				ARCHS = arm64;
				ASSETCATALOG_COMPILER_APPICON_NAME = AppIcon;
				CLANG_ANALYZER_NONNULL = YES;
				CLANG_ANALYZER_NUMBER_OBJECT_CONVERSION = YES_AGGRESSIVE;
				CLANG_CXX_LANGUAGE_STANDARD = "gnu++14";
				CLANG_CXX_LIBRARY = "libc++";
				CLANG_ENABLE_MODULES = YES;
				CLANG_ENABLE_OBJC_ARC = YES;
				CLANG_ENABLE_OBJC_WEAK = YES;
				CLANG_WARN_BLOCK_CAPTURE_AUTORELEASING = YES;
				CLANG_WARN_BOOL_CONVERSION = YES;
				CLANG_WARN_COMMA = YES;
				CLANG_WARN_CONSTANT_CONVERSION = YES;
				CLANG_WARN_DEPRECATED_OBJC_IMPLEMENTATIONS = YES;
				CLANG_WARN_DIRECT_OBJC_ISA_USAGE = YES_ERROR;
				CLANG_WARN_DOCUMENTATION_COMMENTS = YES;
				CLANG_WARN_EMPTY_BODY = YES;
				CLANG_WARN_ENUM_CONVERSION = YES;
				CLANG_WARN_INFINITE_RECURSION = YES;
				CLANG_WARN_INT_CONVERSION = YES;
				CLANG_WARN_NON_LITERAL_NULL_CONVERSION = YES;
				CLANG_WARN_OBJC_IMPLICIT_RETAIN_SELF = YES;
				CLANG_WARN_OBJC_LITERAL_CONVERSION = YES;
				CLANG_WARN_OBJC_ROOT_CLASS = YES_ERROR;
				CLANG_WARN_QUOTED_INCLUDE_IN_FRAMEWORK_HEADER = YES;
				CLANG_WARN_RANGE_LOOP_ANALYSIS = YES;
				CLANG_WARN_STRICT_PROTOTYPES = YES;
				CLANG_WARN_SUSPICIOUS_MOVE = YES;
				CLANG_WARN_UNGUARDED_AVAILABILITY = YES_AGGRESSIVE;
				CLANG_WARN_UNREACHABLE_CODE = YES;
				CLANG_WARN__DUPLICATE_METHOD_MATCH = YES;
				CODE_SIGN_IDENTITY = "-";
				CODE_SIGN_STYLE = Manual;
				COPY_PHASE_STRIP = NO;
				CURRENT_PROJECT_VERSION = 1;
				DEAD_CODE_STRIPPING = YES;
				DEBUG_INFORMATION_FORMAT = dwarf;
				DEVELOPMENT_TEAM = "";
				ENABLE_HARDENED_RUNTIME = YES;
				ENABLE_STRICT_OBJC_MSGSEND = YES;
				ENABLE_TESTABILITY = YES;
				GCC_C_LANGUAGE_STANDARD = gnu11;
				GCC_DYNAMIC_NO_PIC = NO;
				GCC_NO_COMMON_BLOCKS = YES;
				GCC_OPTIMIZATION_LEVEL = 0;
				GCC_PREPROCESSOR_DEFINITIONS = (
					"$(inherited)",
					"DEBUG=1",
				);
				GCC_WARN_64_TO_32_BIT_CONVERSION = YES;
				GCC_WARN_ABOUT_RETURN_TYPE = YES_ERROR;
				GCC_WARN_UNDECLARED_SELECTOR = YES;
				GCC_WARN_UNINITIALIZED_AUTOS = YES_AGGRESSIVE;
				GCC_WARN_UNUSED_FUNCTION = YES;
				GCC_WARN_UNUSED_VARIABLE = YES;
				MACOSX_DEPLOYMENT_TARGET = 26.0;
				MARKETING_VERSION = 0.1.0;
				MTL_ENABLE_DEBUG_INFO = INCLUDE_SOURCE;
				MTL_FAST_MATH = YES;
				ONLY_ACTIVE_ARCH = YES;
				PRODUCT_NAME = "$(TARGET_NAME)";
				SDKROOT = macosx;
				SWIFT_ACTIVE_COMPILATION_CONDITIONS = DEBUG;
				SWIFT_OPTIMIZATION_LEVEL = "-Onone";
				SWIFT_STRICT_CONCURRENCY = complete;
				SWIFT_VERSION = 6.0;
			};
			name = Debug;
		};
		B8D6352CC6C8E71611FB4D0E /* Release */ = {
			isa = XCBuildConfiguration;
			buildSettings = {
				ASSETCATALOG_COMPILER_APPICON_NAME = AppIcon;
				CODE_SIGN_ENTITLEMENTS = CmdV/CmdV.entitlements;
				COMBINE_HIDPI_IMAGES = YES;
				INFOPLIST_FILE = CmdV/Info.plist;
				LD_RUNPATH_SEARCH_PATHS = (
					"$(inherited)",
					"@executable_path/../Frameworks",
				);
				PRODUCT_BUNDLE_IDENTIFIER = com.tonmoybishwas.CmdV;
				SDKROOT = macosx;
			};
			name = Release;
		};
		D1BFF65F1640033769EDEDB9 /* Release */ = {
			isa = XCBuildConfiguration;
			buildSettings = {
				ALWAYS_SEARCH_USER_PATHS = NO;
				ARCHS = arm64;
				ASSETCATALOG_COMPILER_APPICON_NAME = AppIcon;
				CLANG_ANALYZER_NONNULL = YES;
				CLANG_ANALYZER_NUMBER_OBJECT_CONVERSION = YES_AGGRESSIVE;
				CLANG_CXX_LANGUAGE_STANDARD = "gnu++14";
				CLANG_CXX_LIBRARY = "libc++";
				CLANG_ENABLE_MODULES = YES;
				CLANG_ENABLE_OBJC_ARC = YES;
				CLANG_ENABLE_OBJC_WEAK = YES;
				CLANG_WARN_BLOCK_CAPTURE_AUTORELEASING = YES;
				CLANG_WARN_BOOL_CONVERSION = YES;
				CLANG_WARN_COMMA = YES;
				CLANG_WARN_CONSTANT_CONVERSION = YES;
				CLANG_WARN_DEPRECATED_OBJC_IMPLEMENTATIONS = YES;
				CLANG_WARN_DIRECT_OBJC_ISA_USAGE = YES_ERROR;
				CLANG_WARN_DOCUMENTATION_COMMENTS = YES;
				CLANG_WARN_EMPTY_BODY = YES;
				CLANG_WARN_ENUM_CONVERSION = YES;
				CLANG_WARN_INFINITE_RECURSION = YES;
				CLANG_WARN_INT_CONVERSION = YES;
				CLANG_WARN_NON_LITERAL_NULL_CONVERSION = YES;
				CLANG_WARN_OBJC_IMPLICIT_RETAIN_SELF = YES;
				CLANG_WARN_OBJC_LITERAL_CONVERSION = YES;
				CLANG_WARN_OBJC_ROOT_CLASS = YES_ERROR;
				CLANG_WARN_QUOTED_INCLUDE_IN_FRAMEWORK_HEADER = YES;
				CLANG_WARN_RANGE_LOOP_ANALYSIS = YES;
				CLANG_WARN_STRICT_PROTOTYPES = YES;
				CLANG_WARN_SUSPICIOUS_MOVE = YES;
				CLANG_WARN_UNGUARDED_AVAILABILITY = YES_AGGRESSIVE;
				CLANG_WARN_UNREACHABLE_CODE = YES;
				CLANG_WARN__DUPLICATE_METHOD_MATCH = YES;
				CODE_SIGN_IDENTITY = "-";
				CODE_SIGN_STYLE = Manual;
				COPY_PHASE_STRIP = NO;
				CURRENT_PROJECT_VERSION = 1;
				DEAD_CODE_STRIPPING = YES;
				DEBUG_INFORMATION_FORMAT = "dwarf-with-dsym";
				DEVELOPMENT_TEAM = "";
				ENABLE_HARDENED_RUNTIME = YES;
				ENABLE_NS_ASSERTIONS = NO;
				ENABLE_STRICT_OBJC_MSGSEND = YES;
				GCC_C_LANGUAGE_STANDARD = gnu11;
				GCC_NO_COMMON_BLOCKS = YES;
				GCC_WARN_64_TO_32_BIT_CONVERSION = YES;
				GCC_WARN_ABOUT_RETURN_TYPE = YES_ERROR;
				GCC_WARN_UNDECLARED_SELECTOR = YES;
				GCC_WARN_UNINITIALIZED_AUTOS = YES_AGGRESSIVE;
				GCC_WARN_UNUSED_FUNCTION = YES;
				GCC_WARN_UNUSED_VARIABLE = YES;
				MACOSX_DEPLOYMENT_TARGET = 26.0;
				MARKETING_VERSION = 0.1.0;
				MTL_ENABLE_DEBUG_INFO = NO;
				MTL_FAST_MATH = YES;
				PRODUCT_NAME = "$(TARGET_NAME)";
				SDKROOT = macosx;
				SWIFT_COMPILATION_MODE = wholemodule;
				SWIFT_OPTIMIZATION_LEVEL = "-O";
				SWIFT_STRICT_CONCURRENCY = complete;
				SWIFT_VERSION = 6.0;
			};
			name = Release;
		};
/* End XCBuildConfiguration section */

/* Begin XCConfigurationList section */
		19BF642056BC9030D03B115F /* Build configuration list for PBXNativeTarget "CmdVTests" */ = {
			isa = XCConfigurationList;
			buildConfigurations = (
				6E6D6A4F9271B356CA18B140 /* Debug */,
				1801F8E25885235E67DB5216 /* Release */,
			);
			defaultConfigurationIsVisible = 0;
			defaultConfigurationName = Debug;
		};
		21CA6E5D8AEDBD5171A64C63 /* Build configuration list for PBXNativeTarget "CmdV" */ = {
			isa = XCConfigurationList;
			buildConfigurations = (
				14F22D0DBC1058E1D5C2B83C /* Debug */,
				B8D6352CC6C8E71611FB4D0E /* Release */,
			);
			defaultConfigurationIsVisible = 0;
			defaultConfigurationName = Debug;
		};
		C5EB8B271CA2CF47D78513CE /* Build configuration list for PBXProject "CmdV" */ = {
			isa = XCConfigurationList;
			buildConfigurations = (
				7AFD071EEB8C34F5F5A195EB /* Debug */,
				D1BFF65F1640033769EDEDB9 /* Release */,
			);
			defaultConfigurationIsVisible = 0;
			defaultConfigurationName = Debug;
		};
/* End XCConfigurationList section */

/* Begin XCRemoteSwiftPackageReference section */
		3215AD5E01608FB3624CD70C /* XCRemoteSwiftPackageReference "KeyboardShortcuts" */ = {
			isa = XCRemoteSwiftPackageReference;
			repositoryURL = "https://github.com/sindresorhus/KeyboardShortcuts";
			requirement = {
				kind = upToNextMajorVersion;
				minimumVersion = 2.3.0;
			};
		};
/* End XCRemoteSwiftPackageReference section */

/* Begin XCSwiftPackageProductDependency section */
		094182B040AC90B7E9F4C3B9 /* KeyboardShortcuts */ = {
			isa = XCSwiftPackageProductDependency;
			package = 3215AD5E01608FB3624CD70C /* XCRemoteSwiftPackageReference "KeyboardShortcuts" */;
			productName = KeyboardShortcuts;
		};
/* End XCSwiftPackageProductDependency section */
	};
	rootObject = 7F946E50DE0705BE105991BA /* Project object */;
}
